
Microsoft Visual Studio Solution File, Format Version 12.00
# Visual Studio Version 16
VisualStudioVersion = 16.0.31205.134
MinimumVisualStudioVersion = 10.0.40219.1
Project("{9A19103F-16F7-4668-BE54-9A1E7A4F7556}") = "Backend", "Backend\Backend.csproj", "{5F9FED92-A717-4BA2-A9F2-0F0D27544F34}"
EndProject
Project("{FAE04EC0-301F-11D3-BF4B-00C04F79EFBC}") = "Frontend", "Frontend\Frontend.csproj", "{8A8A76CC-87C3-43A2-92C8-1B4AB09C38B8}"
EndProject
Global
	GlobalSection(SolutionConfigurationPlatforms) = preSolution
		Debug|Any CPU = Debug|Any CPU
		Release|Any CPU = Release|Any CPU
	EndGlobalSection
	GlobalSection(ProjectConfigurationPlatforms) = postSolution
		{5F9FED92-A717-4BA2-A9F2-0F0D27544F34}.Debug|Any CPU.ActiveCfg = Debug|Any CPU
		{5F9FED92-A717-4BA2-A9F2-0F0D27544F34}.Debug|Any CPU.Build.0 = Debug|Any CPU
		{5F9FED92-A717-4BA2-A9F2-0F0D27544F34}.Release|Any CPU.ActiveCfg = Release|Any CPU
		{5F9FED92-A717-4BA2-A9F2-0F0D27544F34}.Release|Any CPU.Build.0 = Release|Any CPU
		{8A8A76CC-87C3-43A2-92C8-1B4AB09C38B8}.Debug|Any CPU.ActiveCfg = Debug|Any CPU
		{8A8A76CC-87C3-43A2-92C8-1B4AB09C38B8}.Debug|Any CPU.Build.0 = Debug|Any CPU
		{8A8A76CC-87C3-43A2-92C8-1B4AB09C38B8}.Release|Any CPU.ActiveCfg = Release|Any CPU
		{8A8A76CC-87C3-43A2-92C8-1B4AB09C38B8}.Release|Any CPU.Build.0 = Release|Any CPU
	EndGlobalSection
	GlobalSection(SolutionProperties) = preSolution
		HideSolutionNode = FALSE
	EndGlobalSection
	GlobalSection(ExtensibilityGlobals) = postSolution
		SolutionGuid = {5D6557F4-AFFE-4130-B30B-DCF481633847}
	EndGlobalSection
EndGlobal
